
Microsoft Visual Studio Solution File, Format Version 12.00
# Visual Studio Version 16
VisualStudioVersion = 16.0.29326.143
MinimumVisualStudioVersion = 10.0.40219.1
Project("{FAE04EC0-301F-11D3-BF4B-00C04F79EFBC}") = "AdvancedCSharp", "AdvancedCSharp\AdvancedCSharp.csproj", "{B2539869-0825-49DA-9D0C-14D6FC60D182}"
EndProject
Project("{FAE04EC0-301F-11D3-BF4B-00C04F79EFBC}") = "DelegateDemo", "DelegateDemo\DelegateDemo.csproj", "{23B92D1D-E1F4-4897-B06E-11398DADA836}"
EndProject
Project("{FAE04EC0-301F-11D3-BF4B-00C04F79EFBC}") = "DelegateWithEventDemo", "DelegeateWithEventDemo\DelegateWithEventDemo.csproj", "{76CB9AF3-86A7-43CE-BE47-CAD7AB487A71}"
EndProject
Global
	GlobalSection(SolutionConfigurationPlatforms) = preSolution
		Debug|Any CPU = Debug|Any CPU
		Release|Any CPU = Release|Any CPU
	EndGlobalSection
	GlobalSection(ProjectConfigurationPlatforms) = postSolution
		{B2539869-0825-49DA-9D0C-14D6FC60D182}.Debug|Any CPU.ActiveCfg = Debug|Any CPU
		{B2539869-0825-49DA-9D0C-14D6FC60D182}.Debug|Any CPU.Build.0 = Debug|Any CPU
		{B2539869-0825-49DA-9D0C-14D6FC60D182}.Release|Any CPU.ActiveCfg = Release|Any CPU
		{B2539869-0825-49DA-9D0C-14D6FC60D182}.Release|Any CPU.Build.0 = Release|Any CPU
		{23B92D1D-E1F4-4897-B06E-11398DADA836}.Debug|Any CPU.ActiveCfg = Debug|Any CPU
		{23B92D1D-E1F4-4897-B06E-11398DADA836}.Debug|Any CPU.Build.0 = Debug|Any CPU
		{23B92D1D-E1F4-4897-B06E-11398DADA836}.Release|Any CPU.ActiveCfg = Release|Any CPU
		{23B92D1D-E1F4-4897-B06E-11398DADA836}.Release|Any CPU.Build.0 = Release|Any CPU
		{76CB9AF3-86A7-43CE-BE47-CAD7AB487A71}.Debug|Any CPU.ActiveCfg = Debug|Any CPU
		{76CB9AF3-86A7-43CE-BE47-CAD7AB487A71}.Debug|Any CPU.Build.0 = Debug|Any CPU
		{76CB9AF3-86A7-43CE-BE47-CAD7AB487A71}.Release|Any CPU.ActiveCfg = Release|Any CPU
		{76CB9AF3-86A7-43CE-BE47-CAD7AB487A71}.Release|Any CPU.Build.0 = Release|Any CPU
	EndGlobalSection
	GlobalSection(SolutionProperties) = preSolution
		HideSolutionNode = FALSE
	EndGlobalSection
	GlobalSection(ExtensibilityGlobals) = postSolution
		SolutionGuid = {C9E6A742-5693-4CEE-A4DB-4ACDF5646151}
	EndGlobalSection
EndGlobal
